{
  "version": "5",
  "redirects": {
    "https://esm.sh/@apimatic/authentication-adapters@^0.5.0?target=denonext": "https://esm.sh/@apimatic/authentication-adapters@0.5.8?target=denonext",
    "https://esm.sh/@apimatic/axios-client-adapter@^0.2.0?target=denonext": "https://esm.sh/@apimatic/axios-client-adapter@0.2.2?target=denonext",
    "https://esm.sh/@apimatic/convert-to-stream@^0.0.2?target=denonext": "https://esm.sh/@apimatic/convert-to-stream@0.0.2?target=denonext",
    "https://esm.sh/@apimatic/core-interfaces@^0.2.9?target=denonext": "https://esm.sh/@apimatic/core-interfaces@0.2.9?target=denonext",
    "https://esm.sh/@apimatic/core@^0.10.0?target=denonext": "https://esm.sh/@apimatic/core@0.10.19?target=denonext",
    "https://esm.sh/@apimatic/file-wrapper@^0.3.0?target=denonext": "https://esm.sh/@apimatic/file-wrapper@0.3.5?target=denonext",
    "https://esm.sh/@apimatic/file-wrapper@^0.3.5?target=denonext": "https://esm.sh/@apimatic/file-wrapper@0.3.5?target=denonext",
    "https://esm.sh/@apimatic/http-headers@^0.3.0?target=denonext": "https://esm.sh/@apimatic/http-headers@0.3.5?target=denonext",
    "https://esm.sh/@apimatic/http-headers@^0.3.5?target=denonext": "https://esm.sh/@apimatic/http-headers@0.3.5?target=denonext",
    "https://esm.sh/@apimatic/http-query@^0.3.0?target=denonext": "https://esm.sh/@apimatic/http-query@0.3.5?target=denonext",
    "https://esm.sh/@apimatic/http-query@^0.3.5?target=denonext": "https://esm.sh/@apimatic/http-query@0.3.5?target=denonext",
    "https://esm.sh/@apimatic/json-bigint@^1.2.0?target=denonext": "https://esm.sh/@apimatic/json-bigint@1.2.0?target=denonext",
    "https://esm.sh/@apimatic/schema@^0.7.0?target=denonext": "https://esm.sh/@apimatic/schema@0.7.16?target=denonext",
    "https://esm.sh/@apimatic/schema@^0.7.16?target=denonext": "https://esm.sh/@apimatic/schema@0.7.16?target=denonext",
    "https://esm.sh/@noble/hashes@^1.1.5/sha3?target=denonext": "https://esm.sh/@noble/hashes@1.8.0/sha3?target=denonext",
    "https://esm.sh/@paralleldrive/cuid2@^2.2.2?target=denonext": "https://esm.sh/@paralleldrive/cuid2@2.3.1?target=denonext",
    "https://esm.sh/@supabase/node-fetch@^2.6.14?target=denonext": "https://esm.sh/@supabase/node-fetch@2.6.15?target=denonext",
    "https://esm.sh/@supabase/supabase-js@2": "https://esm.sh/@supabase/supabase-js@2.50.0",
    "https://esm.sh/@types/asap@~2.0.2/index.d.ts": "https://esm.sh/@types/asap@2.0.2/index.d.ts",
    "https://esm.sh/@types/combined-stream@~1.0.6/index.d.ts": "https://esm.sh/@types/combined-stream@1.0.6/index.d.ts",
    "https://esm.sh/@types/cookiejar@~2.1.5/index.d.ts": "https://esm.sh/@types/cookiejar@2.1.5/index.d.ts",
    "https://esm.sh/@types/debug@~4.1.12/index.d.ts": "https://esm.sh/@types/debug@4.1.12/index.d.ts",
    "https://esm.sh/@types/detect-node@~2.0.2/index.d.ts": "https://esm.sh/@types/detect-node@2.0.2/index.d.ts",
    "https://esm.sh/@types/follow-redirects@~1.14.4/index.d.ts": "https://esm.sh/@types/follow-redirects@1.14.4/index.d.ts",
    "https://esm.sh/@types/formidable@~2.0.6/index.d.ts": "https://esm.sh/@types/formidable@2.0.6/index.d.ts",
    "https://esm.sh/@types/get-intrinsic@~1.2.3/index.d.ts": "https://esm.sh/@types/get-intrinsic@1.2.3/index.d.ts",
    "https://esm.sh/@types/lodash.defaultsdeep@~4.6.9/index.d.ts": "https://esm.sh/@types/lodash.defaultsdeep@4.6.9/index.d.ts",
    "https://esm.sh/@types/lodash.flatmap@~4.5.9/index.d.ts": "https://esm.sh/@types/lodash.flatmap@4.5.9/index.d.ts",
    "https://esm.sh/@types/methods@~1.1.4/index.d.ts": "https://esm.sh/@types/methods@1.1.4/index.d.ts",
    "https://esm.sh/@types/mime-types@~2.1.4/index.d.ts": "https://esm.sh/@types/mime-types@2.1.4/index.d.ts",
    "https://esm.sh/@types/object-inspect@~1.13.0/index.d.ts": "https://esm.sh/@types/object-inspect@1.13.0/index.d.ts",
    "https://esm.sh/@types/once@~1.4.5/index.d.ts": "https://esm.sh/@types/once@1.4.5/index.d.ts",
    "https://esm.sh/@types/qs@~6.9.18/index.d.ts": "https://esm.sh/@types/qs@6.9.18/index.d.ts",
    "https://esm.sh/@types/semver@~7.7.1/functions/gte.d.ts": "https://esm.sh/@types/semver@7.7.1/functions/gte.d.ts",
    "https://esm.sh/@types/semver@~7.7.1/index.d.ts": "https://esm.sh/@types/semver@7.7.1/index.d.ts",
    "https://esm.sh/@types/superagent@~8.1.9/index.d.ts": "https://esm.sh/@types/superagent@8.1.9/index.d.ts",
    "https://esm.sh/@types/uuid@~9.0.8/index.d.mts": "https://esm.sh/@types/uuid@9.0.8/index.d.mts",
    "https://esm.sh/@types/ws@~8.18.1/index.d.mts": "https://esm.sh/@types/ws@8.18.1/index.d.mts",
    "https://esm.sh/asap@^2.0.0?target=denonext": "https://esm.sh/asap@2.0.6?target=denonext",
    "https://esm.sh/async-function@^1.0.0?target=denonext": "https://esm.sh/async-function@1.0.0?target=denonext",
    "https://esm.sh/async-generator-function@^1.0.0?target=denonext": "https://esm.sh/async-generator-function@1.0.0?target=denonext",
    "https://esm.sh/asynckit@^0.4.0?target=denonext": "https://esm.sh/asynckit@0.4.0?target=denonext",
    "https://esm.sh/axios@^0.21.1?target=denonext": "https://esm.sh/axios@0.21.4?target=denonext",
    "https://esm.sh/bufferutil@^4.0.1?target=denonext": "https://esm.sh/bufferutil@4.0.9?target=denonext",
    "https://esm.sh/call-bind-apply-helpers@^1.0.1?target=denonext": "https://esm.sh/call-bind-apply-helpers@1.0.2?target=denonext",
    "https://esm.sh/call-bind-apply-helpers@^1.0.2/functionApply?target=denonext": "https://esm.sh/call-bind-apply-helpers@1.0.2/functionApply?target=denonext",
    "https://esm.sh/call-bind-apply-helpers@^1.0.2/functionCall?target=denonext": "https://esm.sh/call-bind-apply-helpers@1.0.2/functionCall?target=denonext",
    "https://esm.sh/call-bind-apply-helpers@^1.0.2?target=denonext": "https://esm.sh/call-bind-apply-helpers@1.0.2?target=denonext",
    "https://esm.sh/call-bound@^1.0.2?target=denonext": "https://esm.sh/call-bound@1.0.4?target=denonext",
    "https://esm.sh/combined-stream@^1.0.8?target=denonext": "https://esm.sh/combined-stream@1.0.8?target=denonext",
    "https://esm.sh/cookiejar@^2.1.4?target=denonext": "https://esm.sh/cookiejar@2.1.4?target=denonext",
    "https://esm.sh/debug?target=denonext": "https://esm.sh/debug@4.4.1?target=denonext",
    "https://esm.sh/debug@^4.3.4?target=denonext": "https://esm.sh/debug@4.4.3?target=denonext",
    "https://esm.sh/delayed-stream@~1.0.0?target=denonext": "https://esm.sh/delayed-stream@1.0.0?target=denonext",
    "https://esm.sh/detect-browser@^5.3.0?target=denonext": "https://esm.sh/detect-browser@5.3.0?target=denonext",
    "https://esm.sh/detect-node@^2.0.4?target=denonext": "https://esm.sh/detect-node@2.1.0?target=denonext",
    "https://esm.sh/dezalgo@^1.0.4?target=denonext": "https://esm.sh/dezalgo@1.0.4?target=denonext",
    "https://esm.sh/dunder-proto@^1.0.1/get?target=denonext": "https://esm.sh/dunder-proto@1.0.1/get?target=denonext",
    "https://esm.sh/es-object-atoms@^1.0.0?target=denonext": "https://esm.sh/es-object-atoms@1.1.1?target=denonext",
    "https://esm.sh/es-object-atoms@^1.1.1?target=denonext": "https://esm.sh/es-object-atoms@1.1.1?target=denonext",
    "https://esm.sh/fast-safe-stringify@^2.1.1?target=denonext": "https://esm.sh/fast-safe-stringify@2.1.1?target=denonext",
    "https://esm.sh/follow-redirects@^1.14.0?target=denonext": "https://esm.sh/follow-redirects@1.15.9?target=denonext",
    "https://esm.sh/form-data@^3.0.0?target=denonext": "https://esm.sh/form-data@3.0.3?target=denonext",
    "https://esm.sh/form-data@^4.0.0?target=denonext": "https://esm.sh/form-data@4.0.3?target=denonext",
    "https://esm.sh/formidable@^2.1.2?target=denonext": "https://esm.sh/formidable@2.1.5?target=denonext",
    "https://esm.sh/generator-function@^2.0.0?target=denonext": "https://esm.sh/generator-function@2.0.1?target=denonext",
    "https://esm.sh/get-intrinsic@^1.2.5?target=denonext": "https://esm.sh/get-intrinsic@1.3.1?target=denonext",
    "https://esm.sh/get-intrinsic@^1.3.0?target=denonext": "https://esm.sh/get-intrinsic@1.3.1?target=denonext",
    "https://esm.sh/get-proto@^1.0.1/Object.getPrototypeOf?target=denonext": "https://esm.sh/get-proto@1.0.1/Object.getPrototypeOf?target=denonext",
    "https://esm.sh/get-proto@^1.0.1/Reflect.getPrototypeOf?target=denonext": "https://esm.sh/get-proto@1.0.1/Reflect.getPrototypeOf?target=denonext",
    "https://esm.sh/get-proto@^1.0.1?target=denonext": "https://esm.sh/get-proto@1.0.1?target=denonext",
    "https://esm.sh/json-ptr@^3.1.1?target=denonext": "https://esm.sh/json-ptr@3.1.1?target=denonext",
    "https://esm.sh/lodash.defaultsdeep@^4.6.1?target=denonext": "https://esm.sh/lodash.defaultsdeep@4.6.1?target=denonext",
    "https://esm.sh/lodash.flatmap@^4.5.0?target=denonext": "https://esm.sh/lodash.flatmap@4.5.0?target=denonext",
    "https://esm.sh/math-intrinsics@^1.1.0/abs?target=denonext": "https://esm.sh/math-intrinsics@1.1.0/abs?target=denonext",
    "https://esm.sh/math-intrinsics@^1.1.0/floor?target=denonext": "https://esm.sh/math-intrinsics@1.1.0/floor?target=denonext",
    "https://esm.sh/math-intrinsics@^1.1.0/max?target=denonext": "https://esm.sh/math-intrinsics@1.1.0/max?target=denonext",
    "https://esm.sh/math-intrinsics@^1.1.0/min?target=denonext": "https://esm.sh/math-intrinsics@1.1.0/min?target=denonext",
    "https://esm.sh/math-intrinsics@^1.1.0/pow?target=denonext": "https://esm.sh/math-intrinsics@1.1.0/pow?target=denonext",
    "https://esm.sh/math-intrinsics@^1.1.0/round?target=denonext": "https://esm.sh/math-intrinsics@1.1.0/round?target=denonext",
    "https://esm.sh/math-intrinsics@^1.1.0/sign?target=denonext": "https://esm.sh/math-intrinsics@1.1.0/sign?target=denonext",
    "https://esm.sh/methods@^1.1.2?target=denonext": "https://esm.sh/methods@1.1.2?target=denonext",
    "https://esm.sh/mime-types@^2.1.12?target=denonext": "https://esm.sh/mime-types@2.1.35?target=denonext",
    "https://esm.sh/mime-types@^2.1.35?target=denonext": "https://esm.sh/mime-types@2.1.35?target=denonext",
    "https://esm.sh/ms@^2.1.3?target=denonext": "https://esm.sh/ms@2.1.3?target=denonext",
    "https://esm.sh/node-gyp-build@^4.3.0?target=denonext": "https://esm.sh/node-gyp-build@4.8.4?target=denonext",
    "https://esm.sh/object-inspect@^1.13.3?target=denonext": "https://esm.sh/object-inspect@1.13.4?target=denonext",
    "https://esm.sh/once@^1.4.0?target=denonext": "https://esm.sh/once@1.4.0?target=denonext",
    "https://esm.sh/qs@^6.11.0?target=denonext": "https://esm.sh/qs@6.14.0?target=denonext",
    "https://esm.sh/semver@^7.3.8/functions/gte?target=denonext": "https://esm.sh/semver@7.7.3/functions/gte?target=denonext",
    "https://esm.sh/semver@^7.3.8?target=denonext": "https://esm.sh/semver@7.7.3?target=denonext",
    "https://esm.sh/side-channel-list@^1.0.0?target=denonext": "https://esm.sh/side-channel-list@1.0.0?target=denonext",
    "https://esm.sh/side-channel-map@^1.0.1?target=denonext": "https://esm.sh/side-channel-map@1.0.1?target=denonext",
    "https://esm.sh/side-channel-weakmap@^1.0.2?target=denonext": "https://esm.sh/side-channel-weakmap@1.0.2?target=denonext",
    "https://esm.sh/side-channel@^1.1.0?target=denonext": "https://esm.sh/side-channel@1.1.0?target=denonext",
    "https://esm.sh/superagent@~8.0.9?target=denonext": "https://esm.sh/superagent@8.0.9?target=denonext",
    "https://esm.sh/supports-color?target=denonext": "https://esm.sh/supports-color@10.0.0?target=denonext",
    "https://esm.sh/tiny-warning@^1.0.3?target=denonext": "https://esm.sh/tiny-warning@1.0.3?target=denonext",
    "https://esm.sh/tr46@~0.0.3?target=denonext": "https://esm.sh/tr46@0.0.3?target=denonext",
    "https://esm.sh/tslib?target=denonext": "https://esm.sh/tslib@2.8.1?target=denonext",
    "https://esm.sh/tslib@^2.1.0?target=denonext": "https://esm.sh/tslib@2.8.1?target=denonext",
    "https://esm.sh/tslib@^2.8.1?target=denonext": "https://esm.sh/tslib@2.8.1?target=denonext",
    "https://esm.sh/utf-8-validate@%3E=5.0.2?target=denonext": "https://esm.sh/utf-8-validate@6.0.5?target=denonext",
    "https://esm.sh/uuid@^9.0.0?target=denonext": "https://esm.sh/uuid@9.0.1?target=denonext",
    "https://esm.sh/webidl-conversions@^3.0.0?target=denonext": "https://esm.sh/webidl-conversions@3.0.1?target=denonext",
    "https://esm.sh/whatwg-url@^5.0.0?target=denonext": "https://esm.sh/whatwg-url@5.0.0?target=denonext",
    "https://esm.sh/wrappy@1?target=denonext": "https://esm.sh/wrappy@1.0.2?target=denonext",
    "https://esm.sh/ws@^8.18.2?target=denonext": "https://esm.sh/ws@8.18.2?target=denonext"
  },
  "remote": {
    "https://deno.land/std@0.150.0/media_types/_util.ts": "ce9b4fc4ba1c447dafab619055e20fd88236ca6bdd7834a21f98bd193c3fbfa1",
    "https://deno.land/std@0.150.0/media_types/mod.ts": "2d4b6f32a087029272dc59e0a55ae3cc4d1b27b794ccf528e94b1925795b3118",
    "https://deno.land/std@0.150.0/media_types/vendor/mime-db.v1.52.0.ts": "724cee25fa40f1a52d3937d6b4fbbfdd7791ff55e1b7ac08d9319d5632c7f5af",
    "https://deno.land/std@0.168.0/async/abortable.ts": "80b2ac399f142cc528f95a037a7d0e653296352d95c681e284533765961de409",
    "https://deno.land/std@0.168.0/async/deadline.ts": "2c2deb53c7c28ca1dda7a3ad81e70508b1ebc25db52559de6b8636c9278fd41f",
    "https://deno.land/std@0.168.0/async/debounce.ts": "60301ffb37e730cd2d6f9dadfd0ecb2a38857681bd7aaf6b0a106b06e5210a98",
    "https://deno.land/std@0.168.0/async/deferred.ts": "77d3f84255c3627f1cc88699d8472b664d7635990d5358c4351623e098e917d6",
    "https://deno.land/std@0.168.0/async/delay.ts": "5a9bfba8de38840308a7a33786a0155a7f6c1f7a859558ddcec5fe06e16daf57",
    "https://deno.land/std@0.168.0/async/mod.ts": "7809ad4bb223e40f5fdc043e5c7ca04e0e25eed35c32c3c32e28697c553fa6d9",
    "https://deno.land/std@0.168.0/async/mux_async_iterator.ts": "770a0ff26c59f8bbbda6b703a2235f04e379f73238e8d66a087edc68c2a2c35f",
    "https://deno.land/std@0.168.0/async/pool.ts": "6854d8cd675a74c73391c82005cbbe4cc58183bddcd1fbbd7c2bcda42b61cf69",
    "https://deno.land/std@0.168.0/async/retry.ts": "e8e5173623915bbc0ddc537698fa418cf875456c347eda1ed453528645b42e67",
    "https://deno.land/std@0.168.0/async/tee.ts": "3a47cc4e9a940904fd4341f0224907e199121c80b831faa5ec2b054c6d2eff5e",
    "https://deno.land/std@0.168.0/http/server.ts": "e99c1bee8a3f6571ee4cdeb2966efad465b8f6fe62bec1bdb59c1f007cc4d155",
    "https://deno.land/std@0.224.0/async/delay.ts": "f90dd685b97c2f142b8069082993e437b1602b8e2561134827eeb7c12b95c499",
    "https://deno.land/std@0.224.0/http/server.ts": "f9313804bf6467a1704f45f76cb6cd0a3396a3b31c316035e6a4c2035d1ea514",
    "https://deno.land/x/openai@v4.52.7/_shims/MultipartBody.ts": "fe06a56b54ae358c9cf99823096e34b36795fdba2e17513f0e9539210edd797d",
    "https://deno.land/x/openai@v4.52.7/_shims/mod.ts": "2e253cb26bfa7060bd37e45626e60e4bf3e7b3fb3e0f559fdfdeef94c73f9372",
    "https://deno.land/x/openai@v4.52.7/core.ts": "4d78de4c114f5048120eb34c4e94286e69e9c1453cb03791296e79e0e5713bc2",
    "https://deno.land/x/openai@v4.52.7/error.ts": "a8721373ee2bb58af749b537af4adf320f73b576b9f4263072e98c4a099578ad",
    "https://deno.land/x/openai@v4.52.7/lib/AbstractAssistantStreamRunner.ts": "2e7a0a6c3dc541d8eea15f0c2c6c394a4373458707103c210a4c7d1ddb04f5b7",
    "https://deno.land/x/openai@v4.52.7/lib/AbstractChatCompletionRunner.ts": "04e896780c3ac2a82de55e17823d6fef1e49ea7632d998149986ae45d2eb0c47",
    "https://deno.land/x/openai@v4.52.7/lib/AssistantStream.ts": "00257f487b45d1f0d4edf859da067c0d48e65b1b08400004a54ce572611d0cb2",
    "https://deno.land/x/openai@v4.52.7/lib/ChatCompletionRunner.ts": "0d1cc40d99cd64b7d573ab95f9cb75750f24f9829da91e12573122842985a2d0",
    "https://deno.land/x/openai@v4.52.7/lib/ChatCompletionStream.ts": "e5721b3a8c1edb8442c4ab11db947ae2437c6fc999fc2b53d3b1f4b3c27b3549",
    "https://deno.land/x/openai@v4.52.7/lib/ChatCompletionStreamingRunner.ts": "9bcaae3760dd5f9b54d5d4b2ba79b8731bb3dc79214c26e5d0bbdfe809747dd2",
    "https://deno.land/x/openai@v4.52.7/lib/RunnableFunction.ts": "f45a16776de983da6b65e5748eb2c581b6ea9d3849bda0026f24659cf0be2d2c",
    "https://deno.land/x/openai@v4.52.7/lib/Util.ts": "aa555aecdbba8b0ae2e8a982a6797cabc0942fa0d2e99ce629d243d9032941b8",
    "https://deno.land/x/openai@v4.52.7/lib/chatCompletionUtils.ts": "4991d3e698a54f8e4273eb0f1d73851f7ba549a0a32fabbcd739627677003cb9",
    "https://deno.land/x/openai@v4.52.7/lib/jsonschema.ts": "ed31a7861e19e505c43aa7612579b2739243ee8e8dd47ccb5f8908fa5ff3b5f0",
    "https://deno.land/x/openai@v4.52.7/mod.ts": "347543dc4ece9f66ac71a13d94774426b7a7bee0f174e163507a89d2b7476afc",
    "https://deno.land/x/openai@v4.52.7/pagination.ts": "02a6737ca6c987cab6effa2788327d022b9e0edc95dd98db0be986383f484e22",
    "https://deno.land/x/openai@v4.52.7/resource.ts": "c496dbda8dc6324d25fcef3d7233310935259d6aa0baf4b0d95039e4913f6380",
    "https://deno.land/x/openai@v4.52.7/resources/audio/audio.ts": "baddf217421e2c09aa67d6977d9d98bc119edb7167ae6fd3e821778d8c702f19",
    "https://deno.land/x/openai@v4.52.7/resources/audio/speech.ts": "5a472cf379bdacc20a4f9f9af1588c948c1cf3eb27858742d7ba56493f18fd67",
    "https://deno.land/x/openai@v4.52.7/resources/audio/transcriptions.ts": "6cbdf36139d4606289ea0724155d25499f6af3531a5f2073e44d3d87718314df",
    "https://deno.land/x/openai@v4.52.7/resources/audio/translations.ts": "329dfbab7c3ae7a9244379735f113008b5cd959e791076a2f26c01bf83ef998e",
    "https://deno.land/x/openai@v4.52.7/resources/batches.ts": "c74d0c40fd748fae60107297a10a62a1a98a646ac2a1b20e9be8499bdceeda57",
    "https://deno.land/x/openai@v4.52.7/resources/beta/assistants.ts": "1dfec1128cec4b8871e6f45e653c9af4735629c6f3ab4c7a91c35b718a87c28f",
    "https://deno.land/x/openai@v4.52.7/resources/beta/beta.ts": "2e4c2ad66515f2ec5a1e3a2ccb6f29425b5a06bf2b8a600efb3e4303e61e516a",
    "https://deno.land/x/openai@v4.52.7/resources/beta/chat/chat.ts": "80dc8786a4b895e9fb152495496f44ac669e95fbb9c2f5a3c0bd379f408b1e1c",
    "https://deno.land/x/openai@v4.52.7/resources/beta/chat/completions.ts": "5e15cb9095f34d2a51e6e79a83dc5a53dc32e9ab99e607ba59732271612ffd19",
    "https://deno.land/x/openai@v4.52.7/resources/beta/threads/messages.ts": "1bc3c64b57179fa2689156379bb6407f1a699ee28bfc1755f5f6826265ac5803",
    "https://deno.land/x/openai@v4.52.7/resources/beta/threads/runs/runs.ts": "37b5a2e5941e7aa693a88828e70fa8d0734ac96e7d457927fef462ce77ac9f65",
    "https://deno.land/x/openai@v4.52.7/resources/beta/threads/runs/steps.ts": "51d85d9618f79a38d491c56e1aa8d43b943432ee8f41ae726006a4ec7fc25074",
    "https://deno.land/x/openai@v4.52.7/resources/beta/threads/threads.ts": "11d11c876877c0a7fce13e4fa0a6159e34c570ba3d52017df68d5e280aa29a55",
    "https://deno.land/x/openai@v4.52.7/resources/beta/vector-stores/file-batches.ts": "b1f53967214c8cec017b20bfa6310061608b3ef278f0fec21b53104b7fe82f91",
    "https://deno.land/x/openai@v4.52.7/resources/beta/vector-stores/files.ts": "d8f8ea175b6ec1524226eade57240e68e234c98ddff12e9c8a2f7f532cb9d89f",
    "https://deno.land/x/openai@v4.52.7/resources/beta/vector-stores/vector-stores.ts": "a3b3e0f7704fbd8ba22c76e401ca4e8375b55cdf5f14460f00f62e8004b41934",
    "https://deno.land/x/openai@v4.52.7/resources/chat/chat.ts": "35c93c4388e9727fff7dcec6f09eb82d8b9f6d246b34ec219741b26e2d1c78de",
    "https://deno.land/x/openai@v4.52.7/resources/chat/completions.ts": "270ef6c9d4b7a8681cc6e668821b4f2a7c6188ddd18b1fe18dc3b924b2037b4a",
    "https://deno.land/x/openai@v4.52.7/resources/chat/mod.ts": "533faa7d352b1291cac0200a91e5c638361070285336631a76a0a26debc99d60",
    "https://deno.land/x/openai@v4.52.7/resources/completions.ts": "c8b2569f34b26205b0d9d348e594586d3ead6571caf84920171dd5b7a057322d",
    "https://deno.land/x/openai@v4.52.7/resources/embeddings.ts": "2a28c666fe9c42bb860bdfa1b27c4aae96c548159aa7e7030a384cfbb00a7465",
    "https://deno.land/x/openai@v4.52.7/resources/files.ts": "8b733524f9c3afc5b31646749de92d81679b62a130c9715b3782aa9d30ced00c",
    "https://deno.land/x/openai@v4.52.7/resources/fine-tuning/fine-tuning.ts": "5cb89d96fc6d914ae2d68257a4d08a1f12c140c12b7892a14393177ca9c4ca2b",
    "https://deno.land/x/openai@v4.52.7/resources/fine-tuning/jobs/checkpoints.ts": "d5a62d828186fb54b50ac2aa0f82a8f9b0c66a7ece0728e79e30cf6e19251bdf",
    "https://deno.land/x/openai@v4.52.7/resources/fine-tuning/jobs/jobs.ts": "bbc91853e90d0568624c15755a32220779e086bd9917778b54dcaa104a817413",
    "https://deno.land/x/openai@v4.52.7/resources/images.ts": "21ec14b419819914398f4bc2575608a938a298b77357b0bc17cbdbfb624a2280",
    "https://deno.land/x/openai@v4.52.7/resources/mod.ts": "8f81e21bf165952f01e2ac9a6a05d1e1c3e820611f61ee62148cb878b2f92131",
    "https://deno.land/x/openai@v4.52.7/resources/models.ts": "fc8620e0d93158560be0e941bbb298870c7f85515ec2a411602fb46a1269ea93",
    "https://deno.land/x/openai@v4.52.7/resources/moderations.ts": "828dbc64a89c361299f6d169cf0d04736e22d9caf4e6f44acce58f269caf1118",
    "https://deno.land/x/openai@v4.52.7/resources/shared.ts": "3e8f4151a77d5dbe1e76ac2af061dc49463790adca54ad6e242a21c7c85114ec",
    "https://deno.land/x/openai@v4.52.7/streaming.ts": "04f85a25d5143758473521223e58003a59cc617fa57755e5a62ba96741cb50ef",
    "https://deno.land/x/openai@v4.52.7/uploads.ts": "33857c766326193dd038ca77382f3b361ef92038a938de312f3f95aa77531a46",
    "https://deno.land/x/openai@v4.52.7/version.ts": "b274b68ae9f646509fa900bea960213c0c3ca2128d26e72819426d2870bff312",
    "https://deno.land/x/xhr@0.3.0/mod.ts": "094aacd627fd9635cd942053bf8032b5223b909858fa9dc8ffa583752ff63b20",
    "https://esm.sh/@apimatic/authentication-adapters@0.5.8/denonext/authentication-adapters.mjs": "537d6633f69b5aa4587da161eb512ed9f8376dda471de8f19d330cfc2ca3e2b8",
    "https://esm.sh/@apimatic/authentication-adapters@0.5.8?target=denonext": "2950b5905942e379ee48b2c6b9633a2f799d0b92eabbce6d3ef77cb0869211fd",
    "https://esm.sh/@apimatic/axios-client-adapter@0.2.2/denonext/axios-client-adapter.mjs": "891b1cb9814e2224bb19d8f4f4924eeaa2f3fa9e501a8c156fd3033e0d23feb8",
    "https://esm.sh/@apimatic/axios-client-adapter@0.2.2?target=denonext": "16828ec5ee4490c61d438fd8ef2f4ab29fef29bf306194c48e2f9fb13c3626d2",
    "https://esm.sh/@apimatic/convert-to-stream@0.0.2/denonext/convert-to-stream.mjs": "5618b93cc537f89759078d86ae5097572a0944cac051c8527919d7de3d335da8",
    "https://esm.sh/@apimatic/convert-to-stream@0.0.2?target=denonext": "29d2ff4b3d8a316e40362d3cd8136d4de139981a6b69b79e3a2c860f7642f578",
    "https://esm.sh/@apimatic/core-interfaces@0.2.9/denonext/core-interfaces.mjs": "eb83f5e44837f5628bc8d4eed5a5e9551c9d05b04cdcab93c90247f551ac5aed",
    "https://esm.sh/@apimatic/core-interfaces@0.2.9?target=denonext": "ad86bef66104a8281f53f1489cb7e436b5a0b39930332a22069770c10b7d8a38",
    "https://esm.sh/@apimatic/core@0.10.19/denonext/core.mjs": "0db7129753e237795c704e097e48210a08a1dd5c63c7c3786f75214219012c00",
    "https://esm.sh/@apimatic/core@0.10.19?target=denonext": "1d5f70d4ca3451b37edb3fc4278752a4c044d71f8781e83db1a4e1e0252e051f",
    "https://esm.sh/@apimatic/file-wrapper@0.3.5/denonext/file-wrapper.mjs": "6c765dd03bbf1bab5e70401b907739d4761bd969f461372066d2028c78525460",
    "https://esm.sh/@apimatic/file-wrapper@0.3.5?target=denonext": "3efd7d81be911f6d163128ea43a87fbadae96b4a1382da7ce29aec15ba5b8b45",
    "https://esm.sh/@apimatic/http-headers@0.3.5/denonext/http-headers.mjs": "95817f18f6b207bd6dda5a13369e73b8c8643e1dfbe1b881929192f5655fd594",
    "https://esm.sh/@apimatic/http-headers@0.3.5?target=denonext": "83b8619f9366d4fdfb0b0e886a1335f2a2a86928f3ff24f80532ecce1f0fb15a",
    "https://esm.sh/@apimatic/http-query@0.3.5/denonext/http-query.mjs": "ee3d512c752f316e29f1aaa289b7c42e40adf0c724b4b57e6ed27948e7388041",
    "https://esm.sh/@apimatic/http-query@0.3.5?target=denonext": "d61714ad2d23d0426b1843b1687fb3a6082105d4384c4fcf171a5e9ee4166c95",
    "https://esm.sh/@apimatic/json-bigint@1.2.0/denonext/json-bigint.mjs": "4782d41351092e5aa31227eaf6c9e5adbeeb5d8629f4e76cb98a5e208df54ed2",
    "https://esm.sh/@apimatic/json-bigint@1.2.0?target=denonext": "a00a5b8c90557fda51a4fac547b512955f480a64e19f21421b4b485a43dc1d18",
    "https://esm.sh/@apimatic/schema@0.7.16/denonext/schema.mjs": "4bd70cb43e69cdc803486f57e86b948617f4b606347020f1b58491d12029b0f9",
    "https://esm.sh/@apimatic/schema@0.7.16?target=denonext": "07b58b50c072b066b718431120f24299556923d59728853202ab302de31b52a0",
    "https://esm.sh/@easypost/api@7.2.0": "806abe161490f408cfcfd821f30793adbf3f122724720989ad0657e83d026e4e",
    "https://esm.sh/@easypost/api@7.2.0/denonext/api.mjs": "5c574a6e60bdddb081013cdbf6013d0ff089936123010bf917da9afb577a79d5",
    "https://esm.sh/@noble/hashes@1.8.0/denonext/crypto.mjs": "cabc4468470c6f6d15891c4a6037aebed19289e1a12eb9905c5579c26767a721",
    "https://esm.sh/@noble/hashes@1.8.0/denonext/sha3.mjs": "026506a4a95d1c7d8088c285de5723914e70e9d1fdda4bc7749108b9278d368c",
    "https://esm.sh/@noble/hashes@1.8.0/denonext/utils.mjs": "18b15a49e98c9e136e4bfcdce69b9461630b7dc3389ba932f535ad4a47221b08",
    "https://esm.sh/@noble/hashes@1.8.0/sha3?target=denonext": "a4c07bd12121b1b3ecc9fd54e2edd26cdf266093b85b29af199c014a7374ba15",
    "https://esm.sh/@paralleldrive/cuid2@2.3.1/denonext/cuid2.mjs": "3675bf5b8b4ee504c77595978e6dae63489cfa363dcd747f750635b8a176201b",
    "https://esm.sh/@paralleldrive/cuid2@2.3.1?target=denonext": "00ee4a38d1217240419d93296fec08988dc7d3b2f09d60af2ae5858de68fc805",
    "https://esm.sh/@supabase/auth-js@2.70.0/denonext/auth-js.mjs": "51f137a91dc64489abf1a500582918ee5042e1e0b64c167f26a3b6d2f807f43c",
    "https://esm.sh/@supabase/functions-js@2.4.4/denonext/functions-js.mjs": "7adeb257410ef3c4a8a1eb9b4ff416c0075d1c32860ca04913c8a9dace1de6a6",
    "https://esm.sh/@supabase/node-fetch@2.6.15/denonext/node-fetch.mjs": "0bae9052231f4f6dbccc7234d05ea96923dbf967be12f402764580b6bf9f713d",
    "https://esm.sh/@supabase/node-fetch@2.6.15?target=denonext": "4d28c4ad97328403184353f68434f2b6973971507919e9150297413664919cf3",
    "https://esm.sh/@supabase/postgrest-js@1.19.4/denonext/postgrest-js.mjs": "2073b5552ba10c7a8302bffffae771e3aede1daf833382355dae239fb0ab2576",
    "https://esm.sh/@supabase/realtime-js@2.11.10/denonext/realtime-js.mjs": "23ab7d3a2cda22a65d0ed48e8adea547cc967bf4d2e32fd0af522563bdf77c24",
    "https://esm.sh/@supabase/storage-js@2.7.1/denonext/storage-js.mjs": "73ac8cdc95cfcd794fe603dbd7ce06d539ab51538ae6467eabe0f9cc26c993aa",
    "https://esm.sh/@supabase/supabase-js@2.50.0": "08871b551234bdcaf766bf2f864b8c00b6d7f92a66d23045596624e4b6c5d762",
    "https://esm.sh/@supabase/supabase-js@2.50.0/denonext/supabase-js.mjs": "f123d5a83e021b6ddd0ab4b3795c5ba5d3d27117d2e5844298ce5f9ba216311c",
    "https://esm.sh/asap@2.0.6/denonext/asap.mjs": "33dd078f715b0c53d0c8e5d1995dee1da9d0a9de0c83254571c9e11b51684d75",
    "https://esm.sh/asap@2.0.6?target=denonext": "92705500a59da1b8b089681ac0caddad47337f4cd280d2ec48d0dbd84f902ff9",
    "https://esm.sh/async-function@1.0.0/denonext/async-function.mjs": "9a68a79494e7318827f19367915e5e8c902d81d395a2a429114371d8f506afd8",
    "https://esm.sh/async-function@1.0.0?target=denonext": "c5e89ac5310741350e80c75eb1ff0c24bdaa16db5bf0f9181fceea7e3bca763e",
    "https://esm.sh/async-generator-function@1.0.0/denonext/async-generator-function.mjs": "c7d6e6484a0083577a002c3114e08d84762b6f74327c89cd0129226cefd7436a",
    "https://esm.sh/async-generator-function@1.0.0?target=denonext": "7b92d0f159fcd05e4cb37faf06fe4d83333517287a9fd3fa1c3dfa34bfa99891",
    "https://esm.sh/asynckit@0.4.0/denonext/asynckit.mjs": "4ef3be6eb52c104699b90ca5524db55ec15bc76b361432f05c16b6106279ba72",
    "https://esm.sh/asynckit@0.4.0?target=denonext": "c6bd8832d6d16b648e22d124a16d33c3a7f7076e92be9444f2e4f6b27545708d",
    "https://esm.sh/axios@0.21.4/denonext/axios.mjs": "f07d16667944382bcb4656fa6c52fed0906056767430c1b788a591e0f6fc3890",
    "https://esm.sh/axios@0.21.4?target=denonext": "ab976c52efd2f998f5d48f79e1a9c955c584aab27d6aa63cc87e24e3eeadee20",
    "https://esm.sh/bufferutil@4.0.9/denonext/bufferutil.mjs": "13dca4d5bb2c68cbe119f880fa3bd785b9a81a8e02e0834dae604b4b85295cd8",
    "https://esm.sh/bufferutil@4.0.9?target=denonext": "e32574569ab438facfcc3f412c659b0719bbf05477136ca176938c9a3ac45125",
    "https://esm.sh/call-bind-apply-helpers@1.0.2/denonext/actualApply.mjs": "e40dd22950f5eb996a325283de44db908753de3396f81ca4b4b186809ec7404b",
    "https://esm.sh/call-bind-apply-helpers@1.0.2/denonext/call-bind-apply-helpers.mjs": "1c096a11476850297224ad825a8e505c23fcc555a8474e929897f8d799fef30b",
    "https://esm.sh/call-bind-apply-helpers@1.0.2/denonext/functionApply.mjs": "20d90adbc9be9d9b51fe4fe1019f8bd1d0823f27a2557eed275b9e44c07260c5",
    "https://esm.sh/call-bind-apply-helpers@1.0.2/denonext/functionCall.mjs": "b36700f863bccd6667f66bfdc7cd9a252129cb203bf5eef59bf29046b9da1467",
    "https://esm.sh/call-bind-apply-helpers@1.0.2/denonext/reflectApply.mjs": "ad4d25d2a301d5d1701b908c50aa229ff4b5e62f05136d3828f1a26d5dc901f6",
    "https://esm.sh/call-bind-apply-helpers@1.0.2/functionApply?target=denonext": "62c4f7ef478c97ef7b1ba0e303d61df3cb4a1df4317b606e43b655f0e4219c43",
    "https://esm.sh/call-bind-apply-helpers@1.0.2/functionCall?target=denonext": "4366685652c948d1c2ca5264d496bb739f52ee5860950a1496e5214759135cc8",
    "https://esm.sh/call-bind-apply-helpers@1.0.2?target=denonext": "905e972ffcd24bdbceda3bc3208a2102b1ba8ebc2e74e55e42433ad17e1e455e",
    "https://esm.sh/call-bound@1.0.4/denonext/call-bound.mjs": "08fb5feeb1c0e871cfd19912759ea62b7023bac1d443ffb498f3968082bb3711",
    "https://esm.sh/call-bound@1.0.4?target=denonext": "8861d775f1c2f685b8985662bfc0eb9037cef7c41c7ee39ae49306662933cc67",
    "https://esm.sh/combined-stream@1.0.8/denonext/combined-stream.mjs": "364b91aa4c33e5f0b4075949d93a3407b21a8695031e7c2be29999d588f9ca2c",
    "https://esm.sh/combined-stream@1.0.8?target=denonext": "a0c89b8b29494e966774c7a708e33cc2df16a0bbe2279c841d088e169e7ab3c4",
    "https://esm.sh/cookiejar@2.1.4/denonext/cookiejar.mjs": "f7e953fea8124acbff43bd1686f1f79306bbc2ff15a23252a5fe898a49c81ac9",
    "https://esm.sh/cookiejar@2.1.4?target=denonext": "573de3c32ceed5e737f90698a360bdcc6249626a5ad587066be1a919386c60dc",
    "https://esm.sh/debug@4.4.1/denonext/debug.mjs": "f4ead1d2ba56c04c08e42abe96388337ddb17a197c16a7d896442b4fcb4d643e",
    "https://esm.sh/debug@4.4.1?target=denonext": "3c77699e6583e2c743e63bc0571647b963f1c82282b970df992b59fa585d76eb",
    "https://esm.sh/debug@4.4.3/denonext/debug.mjs": "fc4bb8fd2502bf87537c57f5c7c3213eb0258040361828a03970ba7d0933c516",
    "https://esm.sh/debug@4.4.3?target=denonext": "9df8b8806c13297f96185899110f8146b8b0c7944847c8392cbfb4e730a634dd",
    "https://esm.sh/delayed-stream@1.0.0/denonext/delayed-stream.mjs": "051a3501b7b3d3c593b78a2c7305093a8e363c518cd156f1a77117185e312abe",
    "https://esm.sh/delayed-stream@1.0.0?target=denonext": "d363b81e01f4c886114df14aa660c1a938bbb4be851ff12132260bed0db6126e",
    "https://esm.sh/detect-browser@5.3.0/denonext/detect-browser.mjs": "27c1637fcba5545b1ad6b79f77f96df7bcbbf61748badfc9e614a0f179aa21aa",
    "https://esm.sh/detect-browser@5.3.0?target=denonext": "80cf859838a8afe9c4cb1561e068b1c482ae67460833380fc2b6c5dd236879d6",
    "https://esm.sh/detect-node@2.1.0/denonext/detect-node.mjs": "38cf0b4ca7056c35b0eccba1dcc52b99bcc2fa26ea91355157730e25f4160984",
    "https://esm.sh/detect-node@2.1.0?target=denonext": "300de42d3148c10b9ca855a7be4fba75890c924a50a0ef5a9a9de399784b769d",
    "https://esm.sh/dezalgo@1.0.4/denonext/dezalgo.mjs": "a49c37604c92ccbd3d093c17836bf72a2163a9f9f2a0533251fe7c65759763f1",
    "https://esm.sh/dezalgo@1.0.4?target=denonext": "78edcfa390593f3d99a34c432dcf315192f1cfac78b30ed7fd125b862ab9e81b",
    "https://esm.sh/dunder-proto@1.0.1/denonext/get.mjs": "8249c9d4dfb0c1f5ee60df6588c77153a4da927b2759e7059b4124c69a8e9223",
    "https://esm.sh/dunder-proto@1.0.1/get?target=denonext": "13d001daa54e39c69fe8034e0f54ecf326c1b44fcdf005b47a16087c535ee15e",
    "https://esm.sh/es-object-atoms@1.1.1/denonext/es-object-atoms.mjs": "002f305a1112ee598445ab88204560f9e3e1595d4086d4b044d845364df196d1",
    "https://esm.sh/es-object-atoms@1.1.1?target=denonext": "42f0f1f77d6dc7e20b9510cd914b97e8f20c57c218bccd433292a9d86a7f2123",
    "https://esm.sh/fast-safe-stringify@2.1.1/denonext/fast-safe-stringify.mjs": "81867c3a5447dbe29a0ef3f305587f995ffba751a7f03d3e7f42849b0f565286",
    "https://esm.sh/fast-safe-stringify@2.1.1?target=denonext": "57316e9ed392217f57d729594ac60d72818d41087ef57c0446ee0ae59d31488e",
    "https://esm.sh/follow-redirects@1.15.9/denonext/follow-redirects.mjs": "90866d22d80eface74d3161906835600fbb1d5c9ded05dc72fd55b40960cfce7",
    "https://esm.sh/follow-redirects@1.15.9?target=denonext": "c8028ec9d980a1974362377614a4978d1556ba85a75bc32526e8917bede535d1",
    "https://esm.sh/form-data@3.0.3/denonext/form-data.mjs": "e8e72f5c02cd9c7ec3f4614f1ad9320981ad4ea0fc9729adcd737fea32436944",
    "https://esm.sh/form-data@3.0.3?target=denonext": "dc268346a9b6e311046d4658d28de0f49fc095bcbb88b394a54eedd11179dfc4",
    "https://esm.sh/form-data@4.0.3/denonext/form-data.mjs": "eb4fd6cd27a4932196135be5990658ea78cdd7b24672e1e57ea6f2bd796bb6e7",
    "https://esm.sh/form-data@4.0.3?target=denonext": "01c432fc6a8d8fb56f3b32e4c50972e9289835ea71b3a5b7677a3bb693ac284a",
    "https://esm.sh/formidable@2.1.5/denonext/formidable.mjs": "c0d818232d1a8b05e34f63a07d3e5b082b44f92a7d34ea141c7c96a93f88dc31",
    "https://esm.sh/formidable@2.1.5?target=denonext": "b3a76a5759f5f8671ed1e6985f9ebc32a1f1d1a0bc0816076824746e56634c49",
    "https://esm.sh/generator-function@2.0.1/denonext/generator-function.mjs": "c0830dd65531f61823dd69e7d9f8fedace61f5810aa3ef4a47c876638ccce5a2",
    "https://esm.sh/generator-function@2.0.1?target=denonext": "d69b75b5af8feab1b72504ae1c088a112345997bc2fb03e78bc4b5cc2c717b30",
    "https://esm.sh/get-intrinsic@1.3.1/denonext/get-intrinsic.mjs": "af07ca16f714e1faaca241d5f136cae8e6d8300dc1cfcee3d2b670008fcfd579",
    "https://esm.sh/get-intrinsic@1.3.1?target=denonext": "e293e28f884cf6eb97da776907dd175a9b20a072d4b90898b590d7a156449f72",
    "https://esm.sh/get-proto@1.0.1/Object.getPrototypeOf?target=denonext": "07ea2fdda9026eb3b7e18eff95a1314a82db3b37efd0e4a1b7bd91c454bfd492",
    "https://esm.sh/get-proto@1.0.1/Reflect.getPrototypeOf?target=denonext": "08346568b8d1b2532dfff0affbb99b0400960313cb1b350969f9ca1f889ac700",
    "https://esm.sh/get-proto@1.0.1/denonext/Object.getPrototypeOf.mjs": "d62989d14e99b23a7604030f5b2c176b55067bd790d9056fd7b8a7f324c13c62",
    "https://esm.sh/get-proto@1.0.1/denonext/Reflect.getPrototypeOf.mjs": "4b884fb35dbdc6b2a67708f195cf46435514a7eb3930578453176aafe59d49fe",
    "https://esm.sh/get-proto@1.0.1/denonext/get-proto.mjs": "0e4ddb145c883b3f941aeba555feb48b9f177838d070449782265daf59b77377",
    "https://esm.sh/get-proto@1.0.1?target=denonext": "fa3e52250f16f485da729565f1f41dcbb23edeb64420db0146e374cc835c9b04",
    "https://esm.sh/json-ptr@3.1.1/denonext/json-ptr.mjs": "a85127b27a8bf0374349f01e49a325ad375ffa8013481bcc5498e665246a34d0",
    "https://esm.sh/json-ptr@3.1.1?target=denonext": "fd673f40a9e12d5f966d21252b11145bc921f9d229cd704134fd58838204654d",
    "https://esm.sh/lodash.defaultsdeep@4.6.1/denonext/lodash.defaultsdeep.mjs": "169111fb64d06ffce3b4fc5f2fcb3a2291b001658ebedaf3c39a1ac633ab199d",
    "https://esm.sh/lodash.defaultsdeep@4.6.1?target=denonext": "39f2113a4e81cac76e25cdf8fa94bcf998e60e0186cb5a470d32605ffca336ff",
    "https://esm.sh/lodash.flatmap@4.5.0/denonext/lodash.flatmap.mjs": "d659ec779c283c658408514d816f59507746f5fad58892b0ea798f73e7e497a2",
    "https://esm.sh/lodash.flatmap@4.5.0?target=denonext": "4dbc35c259ff449e98707d577335393c7d124666d8c0da7e880d0ad6d7604fd8",
    "https://esm.sh/math-intrinsics@1.1.0/abs?target=denonext": "b43b9b3996b29cda49a1ad6d71b876095144b3252c761b4338e8870e5073542e",
    "https://esm.sh/math-intrinsics@1.1.0/denonext/abs.mjs": "08304368394a36ee89a52def8a533da1f7c602891647a3e10543a8bbdb746c8b",
    "https://esm.sh/math-intrinsics@1.1.0/denonext/floor.mjs": "c5e41bb95fa47641ca012faa0a093eef6401d3ace4479a85e39cf726eb184785",
    "https://esm.sh/math-intrinsics@1.1.0/denonext/isNaN.mjs": "4c0aa9576873f1a60fc724bf6a7959ae3eb30e6b002aa3a94a00f6d071ae4fb2",
    "https://esm.sh/math-intrinsics@1.1.0/denonext/max.mjs": "d7b63113695c5fef18e6c505fb0db439cefefe5d6578283207bbed54287c53e9",
    "https://esm.sh/math-intrinsics@1.1.0/denonext/min.mjs": "445c0cbc6acecab1076657ce2b3ce8783b6bd7ec638b76b128dae98a92a9876a",
    "https://esm.sh/math-intrinsics@1.1.0/denonext/pow.mjs": "b15d61336938ae7d84cd9e223509cb576cc2b89a34ec678889c6cdc82bfdd45c",
    "https://esm.sh/math-intrinsics@1.1.0/denonext/round.mjs": "a96681000e62bc8c0ff3582a77981fc88fa3034ed5bb85b3e1a15047eeb954b6",
    "https://esm.sh/math-intrinsics@1.1.0/denonext/sign.mjs": "323a0314efc3a9892beebf5cdd3b6a1d71986821b58548b3a593f8103e4c49b0",
    "https://esm.sh/math-intrinsics@1.1.0/floor?target=denonext": "58bd34b24e7c69b79e09243ed99bf0aa35e0423524c5d6f3986d46f72b19cdab",
    "https://esm.sh/math-intrinsics@1.1.0/max?target=denonext": "67e6a93d9f2dd0eb70967013abd67be262b7651e05c4384c9899621ed29db5bb",
    "https://esm.sh/math-intrinsics@1.1.0/min?target=denonext": "869cb45f08e5642671cb4e0078b73fae5e767656e7ab86a208ca721d67b42fb1",
    "https://esm.sh/math-intrinsics@1.1.0/pow?target=denonext": "4f42df7a6c0593efdb1edb840affe3a464884ac3287fa18b03810021ee55a5fb",
    "https://esm.sh/math-intrinsics@1.1.0/round?target=denonext": "635d454d1f3fe901ab84dc7508ca8ba90825085b051278f083986ab8d763e675",
    "https://esm.sh/math-intrinsics@1.1.0/sign?target=denonext": "67eede9463cdb90393f9e449e8d6d59283db42ff1793fc381292a5612e535cfe",
    "https://esm.sh/methods@1.1.2/denonext/methods.mjs": "2adcfba194b83210da24592717b0638d204c53c88664bdd3b85ad539d4550cfd",
    "https://esm.sh/methods@1.1.2?target=denonext": "894c2e1f65b57edb5748509ecbcdf52f13addf4c459d9ed23637b681a1ef896c",
    "https://esm.sh/mime-db@1.52.0/denonext/mime-db.mjs": "f93feb3d7150014b71bd0d06c5bd819db56a089b31b8b79a3b0466bb37ef005e",
    "https://esm.sh/mime-types@2.1.35/denonext/mime-types.mjs": "704bdb318816fe1360c90a196f7cb3ba6e25fe207707cc2df873f890ad2e5f44",
    "https://esm.sh/mime-types@2.1.35?target=denonext": "e4cc9a1aabecc1be22d194375ec3b99cc9d51700cc4629ab689975451c0a8ce5",
    "https://esm.sh/mime@2.6.0/denonext/mime.mjs": "9edb2bb0fa269d55049c0fa7e8c4204af08dee37632c526a8787a14ece8d6c53",
    "https://esm.sh/ms@2.1.3/denonext/ms.mjs": "9039464da1f4ae1c2042742d335c82556c048bbe49449b5d0cd5198193afa147",
    "https://esm.sh/ms@2.1.3?target=denonext": "36f5aa7503ff0ff44ce9e3155a60362d8d3ae5db8db048be5764a3a515b6a263",
    "https://esm.sh/node-gyp-build@4.8.4/denonext/node-gyp-build.mjs": "9a86f2d044fc77bd60aaa3d697c2ba1b818da5fb1b9aaeedec59a40b8e908803",
    "https://esm.sh/node-gyp-build@4.8.4?target=denonext": "261a6cedf1fdbf159798141ba1e2311ac1510682c5c8b55dacc8cf5fdee4aa06",
    "https://esm.sh/object-inspect@1.13.4/denonext/object-inspect.mjs": "45c312125d1f5469db2840085ce40fa3fbaab81bebcb4b2f79153f9eeaa05230",
    "https://esm.sh/object-inspect@1.13.4?target=denonext": "426a13b7cd2fb610060e1d943f1ae802ef3873c2055b80dd75b39fddcb5b91f9",
    "https://esm.sh/once@1.4.0/denonext/once.mjs": "cb2ad3a1bf30d4a2400ad6f8477c36fcee3538a95729e6bf071a8446dd69fbea",
    "https://esm.sh/once@1.4.0?target=denonext": "76b137ba41d1f2fb149bfcad1d01565884edf385635622611ce3d9fc8b8b54ce",
    "https://esm.sh/qs@6.14.0/denonext/qs.mjs": "f3f15ab42c057304bab52a0083c74891bdef41d23542d32aebb8d2d955d798cd",
    "https://esm.sh/qs@6.14.0?target=denonext": "19dca1bf1e9b969c23877e2894bfce01d36a629b0a8d3f5696c0c3e249a370da",
    "https://esm.sh/semver@7.7.3/denonext/functions/gte.mjs": "df1f181fc5ea28a3c9d088662d630fcfd8bed56deee63cee44ba6330d7cccc59",
    "https://esm.sh/semver@7.7.3/denonext/semver.mjs": "445048924a670dbfcfe872b98a1c80ebd010ec2c7eded1760f84929f96da49ea",
    "https://esm.sh/semver@7.7.3/functions/gte?target=denonext": "bdb4410a066fac1591000bc866d7256b91c8df36dc09f04352f58c8dfb374b26",
    "https://esm.sh/semver@7.7.3?target=denonext": "67238ed12c7c1ae049ca285b2d1db371dbd02684cf21196d06958d574b990263",
    "https://esm.sh/side-channel-list@1.0.0/denonext/side-channel-list.mjs": "615fd6bc8c12cf76f305e9037fa5d9c68683b513f05c28b282d6b6158b08fa00",
    "https://esm.sh/side-channel-list@1.0.0?target=denonext": "aa5947fc9e50ab024e202112fe8cbe16726adf354252de20c040258214c75ea5",
    "https://esm.sh/side-channel-map@1.0.1/denonext/side-channel-map.mjs": "5c6c38348826aa2b41eb5654fff235ae06a06c6f0b02ad736b6f226704d7043a",
    "https://esm.sh/side-channel-map@1.0.1?target=denonext": "8b59be4ffd58b5654971b600ca894755e9277c9be88dbfcc5673b2e85d8d30ec",
    "https://esm.sh/side-channel-weakmap@1.0.2/denonext/side-channel-weakmap.mjs": "5bee9551eadb611a71937950a614bd9d46ca5139afbb20e28321c1704953b367",
    "https://esm.sh/side-channel-weakmap@1.0.2?target=denonext": "f6ca783896c64a8ca09f483a7809e053e4e31b1569b5c5251ed5813561330dfe",
    "https://esm.sh/side-channel@1.1.0/denonext/side-channel.mjs": "2b14f5c6f2fc136405c1bda1897e81a87993ee525b4eff74232b8e6cacf9b759",
    "https://esm.sh/side-channel@1.1.0?target=denonext": "af0b34fab98933edb9b50119e3383d0f2df5451b179ded5e92007d6f773d12e2",
    "https://esm.sh/square@35.0.0": "1e4100999a60e3bc629f7ae4985f7b4322a4499fc61fe9b0d92498d63d0991af",
    "https://esm.sh/square@35.0.0/denonext/square.mjs": "897844baf95bb612d7ca83d37b07adbbc93b2224a6c621f0343fb2ce9ce7521d",
    "https://esm.sh/superagent@8.0.9/denonext/superagent.mjs": "172f64fa4310f2e3574b41da9bb07ea53f9cf7ead3187af1af7d9602497a9533",
    "https://esm.sh/superagent@8.0.9?target=denonext": "1c7ceeb195dc8bce329f2d7bbdc32dc17e4fa1116ad29ed5814c356f6ff7ce02",
    "https://esm.sh/supports-color@10.0.0/denonext/supports-color.mjs": "239cd39d0828e1a018dee102748da869b1b75c38fe6a9c0c8f0bd4ffbd3e1ea1",
    "https://esm.sh/supports-color@10.0.0?target=denonext": "4895255248e4ba0cbcce9437003dccf3658b1ac1d1e8eba5225fb8194c454ee1",
    "https://esm.sh/tiny-warning@1.0.3/denonext/tiny-warning.mjs": "1e8035d7adba45e43313e9d4ebc1486c13576be6d51ef3775b2764321a94b7f3",
    "https://esm.sh/tiny-warning@1.0.3?target=denonext": "bfcb8fd7017feca3782fcfc539ab2ab146acc15d2a2badee518be66c82d1ac50",
    "https://esm.sh/tr46@0.0.3/denonext/tr46.mjs": "5753ec0a99414f4055f0c1f97691100f13d88e48a8443b00aebb90a512785fa2",
    "https://esm.sh/tr46@0.0.3?target=denonext": "19cb9be0f0d418a0c3abb81f2df31f080e9540a04e43b0f699bce1149cba0cbb",
    "https://esm.sh/tslib@2.8.1/denonext/tslib.mjs": "ebce3cd5facb654623020337f867b426ba95f71596ba87acc9e6c6f4e55905ca",
    "https://esm.sh/tslib@2.8.1?target=denonext": "a89cbf082a0ad54e87ea85d75e6d5492b3e2ff0c5de9e3e478206a015b3f3992",
    "https://esm.sh/utf-8-validate@6.0.5/denonext/utf-8-validate.mjs": "66b8ea532a0c745068f5b96ddb1bae332c3036703243541d2e89e66331974d98",
    "https://esm.sh/utf-8-validate@6.0.5?target=denonext": "071bc33ba1a58297e23a34d69dd589fd06df04b0f373b382ff5da544a623f271",
    "https://esm.sh/uuid@9.0.1/denonext/uuid.mjs": "25ffc9943d4b3691671de82d30c147ecfa2a8fae6f4319db28dadb0dacc19450",
    "https://esm.sh/uuid@9.0.1?target=denonext": "11c38693969f62a617de5ceee47ddc29ae892ae81491378a933436788fad3c8b",
    "https://esm.sh/webidl-conversions@3.0.1/denonext/webidl-conversions.mjs": "54b5c2d50a294853c4ccebf9d5ed8988c94f4e24e463d84ec859a866ea5fafec",
    "https://esm.sh/webidl-conversions@3.0.1?target=denonext": "4e20318d50528084616c79d7b3f6e7f0fe7b6d09013bd01b3974d7448d767e29",
    "https://esm.sh/whatwg-url@5.0.0/denonext/whatwg-url.mjs": "29b16d74ee72624c915745bbd25b617cfd2248c6af0f5120d131e232a9a9af79",
    "https://esm.sh/whatwg-url@5.0.0?target=denonext": "f001a2cadf81312d214ca330033f474e74d81a003e21e8c5d70a1f46dc97b02d",
    "https://esm.sh/wrappy@1.0.2/denonext/wrappy.mjs": "9b30fecc8c0ab8657d63ee25d8d67f22fed7ce32136e667f7da1e88cbc8b8ef4",
    "https://esm.sh/wrappy@1.0.2?target=denonext": "8320150f54fb04978cacf7cfc557e43eca3b628375e09d45e78268d8035def7f",
    "https://esm.sh/ws@8.18.2/denonext/ws.mjs": "b9211ecb1511b09f418c1330920c66800b66710b2cd2997b64b7e0525bd895d2",
    "https://esm.sh/ws@8.18.2?target=denonext": "2ee7b1bb11543dda3e7e1c685ad8599b6f18aea785302374c3def5da468a1e51"
  },
  "workspace": {
    "packageJson": {
      "dependencies": [
        "npm:square@^42.3.0"
      ]
    }
  }
}
