{
  "version": "5",
  "redirects": {
    "https://esm.sh/@apimatic/authentication-adapters@^0.5.0?target=denonext": "https://esm.sh/@apimatic/authentication-adapters@0.5.8?target=denonext",
    "https://esm.sh/@apimatic/axios-client-adapter@^0.2.0?target=denonext": "https://esm.sh/@apimatic/axios-client-adapter@0.2.2?target=denonext",
    "https://esm.sh/@apimatic/convert-to-stream@^0.0.2?target=denonext": "https://esm.sh/@apimatic/convert-to-stream@0.0.2?target=denonext",
    "https://esm.sh/@apimatic/core-interfaces@^0.2.9?target=denonext": "https://esm.sh/@apimatic/core-interfaces@0.2.9?target=denonext",
    "https://esm.sh/@apimatic/core@^0.10.0?target=denonext": "https://esm.sh/@apimatic/core@0.10.19?target=denonext",
    "https://esm.sh/@apimatic/file-wrapper@^0.3.0?target=denonext": "https://esm.sh/@apimatic/file-wrapper@0.3.5?target=denonext",
    "https://esm.sh/@apimatic/file-wrapper@^0.3.5?target=denonext": "https://esm.sh/@apimatic/file-wrapper@0.3.5?target=denonext",
    "https://esm.sh/@apimatic/http-headers@^0.3.0?target=denonext": "https://esm.sh/@apimatic/http-headers@0.3.5?target=denonext",
    "https://esm.sh/@apimatic/http-headers@^0.3.5?target=denonext": "https://esm.sh/@apimatic/http-headers@0.3.5?target=denonext",
    "https://esm.sh/@apimatic/http-query@^0.3.0?target=denonext": "https://esm.sh/@apimatic/http-query@0.3.5?target=denonext",
    "https://esm.sh/@apimatic/http-query@^0.3.5?target=denonext": "https://esm.sh/@apimatic/http-query@0.3.5?target=denonext",
    "https://esm.sh/@apimatic/json-bigint@^1.2.0?target=denonext": "https://esm.sh/@apimatic/json-bigint@1.2.0?target=denonext",
    "https://esm.sh/@apimatic/schema@^0.7.0?target=denonext": "https://esm.sh/@apimatic/schema@0.7.16?target=denonext",
    "https://esm.sh/@apimatic/schema@^0.7.16?target=denonext": "https://esm.sh/@apimatic/schema@0.7.16?target=denonext",
    "https://esm.sh/@types/combined-stream@~1.0.6/index.d.ts": "https://esm.sh/@types/combined-stream@1.0.6/index.d.ts",
    "https://esm.sh/@types/debug@~4.1.12/index.d.ts": "https://esm.sh/@types/debug@4.1.12/index.d.ts",
    "https://esm.sh/@types/detect-node@~2.0.2/index.d.ts": "https://esm.sh/@types/detect-node@2.0.2/index.d.ts",
    "https://esm.sh/@types/follow-redirects@~1.14.4/index.d.ts": "https://esm.sh/@types/follow-redirects@1.14.4/index.d.ts",
    "https://esm.sh/@types/lodash.defaultsdeep@~4.6.9/index.d.ts": "https://esm.sh/@types/lodash.defaultsdeep@4.6.9/index.d.ts",
    "https://esm.sh/@types/lodash.flatmap@~4.5.9/index.d.ts": "https://esm.sh/@types/lodash.flatmap@4.5.9/index.d.ts",
    "https://esm.sh/@types/mime-types@~2.1.4/index.d.ts": "https://esm.sh/@types/mime-types@2.1.4/index.d.ts",
    "https://esm.sh/asynckit@^0.4.0?target=denonext": "https://esm.sh/asynckit@0.4.0?target=denonext",
    "https://esm.sh/axios@^0.21.1?target=denonext": "https://esm.sh/axios@0.21.4?target=denonext",
    "https://esm.sh/combined-stream@^1.0.8?target=denonext": "https://esm.sh/combined-stream@1.0.8?target=denonext",
    "https://esm.sh/debug?target=denonext": "https://esm.sh/debug@4.4.1?target=denonext",
    "https://esm.sh/delayed-stream@~1.0.0?target=denonext": "https://esm.sh/delayed-stream@1.0.0?target=denonext",
    "https://esm.sh/detect-browser@^5.3.0?target=denonext": "https://esm.sh/detect-browser@5.3.0?target=denonext",
    "https://esm.sh/detect-node@^2.0.4?target=denonext": "https://esm.sh/detect-node@2.1.0?target=denonext",
    "https://esm.sh/follow-redirects@^1.14.0?target=denonext": "https://esm.sh/follow-redirects@1.15.9?target=denonext",
    "https://esm.sh/form-data@^3.0.0?target=denonext": "https://esm.sh/form-data@3.0.3?target=denonext",
    "https://esm.sh/json-ptr@^3.1.1?target=denonext": "https://esm.sh/json-ptr@3.1.1?target=denonext",
    "https://esm.sh/lodash.defaultsdeep@^4.6.1?target=denonext": "https://esm.sh/lodash.defaultsdeep@4.6.1?target=denonext",
    "https://esm.sh/lodash.flatmap@^4.5.0?target=denonext": "https://esm.sh/lodash.flatmap@4.5.0?target=denonext",
    "https://esm.sh/mime-types@^2.1.35?target=denonext": "https://esm.sh/mime-types@2.1.35?target=denonext",
    "https://esm.sh/ms@^2.1.3?target=denonext": "https://esm.sh/ms@2.1.3?target=denonext",
    "https://esm.sh/supports-color?target=denonext": "https://esm.sh/supports-color@10.0.0?target=denonext",
    "https://esm.sh/tiny-warning@^1.0.3?target=denonext": "https://esm.sh/tiny-warning@1.0.3?target=denonext",
    "https://esm.sh/tslib?target=denonext": "https://esm.sh/tslib@2.8.1?target=denonext",
    "https://esm.sh/tslib@^2.1.0?target=denonext": "https://esm.sh/tslib@2.8.1?target=denonext",
    "https://esm.sh/tslib@^2.8.1?target=denonext": "https://esm.sh/tslib@2.8.1?target=denonext"
  },
  "remote": {
    "https://deno.land/std@0.150.0/media_types/_util.ts": "ce9b4fc4ba1c447dafab619055e20fd88236ca6bdd7834a21f98bd193c3fbfa1",
    "https://deno.land/std@0.150.0/media_types/mod.ts": "2d4b6f32a087029272dc59e0a55ae3cc4d1b27b794ccf528e94b1925795b3118",
    "https://deno.land/std@0.150.0/media_types/vendor/mime-db.v1.52.0.ts": "724cee25fa40f1a52d3937d6b4fbbfdd7791ff55e1b7ac08d9319d5632c7f5af",
    "https://deno.land/std@0.224.0/async/delay.ts": "f90dd685b97c2f142b8069082993e437b1602b8e2561134827eeb7c12b95c499",
    "https://deno.land/std@0.224.0/http/server.ts": "f9313804bf6467a1704f45f76cb6cd0a3396a3b31c316035e6a4c2035d1ea514",
    "https://deno.land/x/xhr@0.3.0/mod.ts": "094aacd627fd9635cd942053bf8032b5223b909858fa9dc8ffa583752ff63b20",
    "https://esm.sh/@apimatic/authentication-adapters@0.5.8/denonext/authentication-adapters.mjs": "537d6633f69b5aa4587da161eb512ed9f8376dda471de8f19d330cfc2ca3e2b8",
    "https://esm.sh/@apimatic/authentication-adapters@0.5.8?target=denonext": "2950b5905942e379ee48b2c6b9633a2f799d0b92eabbce6d3ef77cb0869211fd",
    "https://esm.sh/@apimatic/axios-client-adapter@0.2.2/denonext/axios-client-adapter.mjs": "891b1cb9814e2224bb19d8f4f4924eeaa2f3fa9e501a8c156fd3033e0d23feb8",
    "https://esm.sh/@apimatic/axios-client-adapter@0.2.2?target=denonext": "16828ec5ee4490c61d438fd8ef2f4ab29fef29bf306194c48e2f9fb13c3626d2",
    "https://esm.sh/@apimatic/convert-to-stream@0.0.2/denonext/convert-to-stream.mjs": "5618b93cc537f89759078d86ae5097572a0944cac051c8527919d7de3d335da8",
    "https://esm.sh/@apimatic/convert-to-stream@0.0.2?target=denonext": "29d2ff4b3d8a316e40362d3cd8136d4de139981a6b69b79e3a2c860f7642f578",
    "https://esm.sh/@apimatic/core-interfaces@0.2.9/denonext/core-interfaces.mjs": "eb83f5e44837f5628bc8d4eed5a5e9551c9d05b04cdcab93c90247f551ac5aed",
    "https://esm.sh/@apimatic/core-interfaces@0.2.9?target=denonext": "ad86bef66104a8281f53f1489cb7e436b5a0b39930332a22069770c10b7d8a38",
    "https://esm.sh/@apimatic/core@0.10.19/denonext/core.mjs": "0db7129753e237795c704e097e48210a08a1dd5c63c7c3786f75214219012c00",
    "https://esm.sh/@apimatic/core@0.10.19?target=denonext": "1d5f70d4ca3451b37edb3fc4278752a4c044d71f8781e83db1a4e1e0252e051f",
    "https://esm.sh/@apimatic/file-wrapper@0.3.5/denonext/file-wrapper.mjs": "6c765dd03bbf1bab5e70401b907739d4761bd969f461372066d2028c78525460",
    "https://esm.sh/@apimatic/file-wrapper@0.3.5?target=denonext": "3efd7d81be911f6d163128ea43a87fbadae96b4a1382da7ce29aec15ba5b8b45",
    "https://esm.sh/@apimatic/http-headers@0.3.5/denonext/http-headers.mjs": "95817f18f6b207bd6dda5a13369e73b8c8643e1dfbe1b881929192f5655fd594",
    "https://esm.sh/@apimatic/http-headers@0.3.5?target=denonext": "83b8619f9366d4fdfb0b0e886a1335f2a2a86928f3ff24f80532ecce1f0fb15a",
    "https://esm.sh/@apimatic/http-query@0.3.5/denonext/http-query.mjs": "ee3d512c752f316e29f1aaa289b7c42e40adf0c724b4b57e6ed27948e7388041",
    "https://esm.sh/@apimatic/http-query@0.3.5?target=denonext": "d61714ad2d23d0426b1843b1687fb3a6082105d4384c4fcf171a5e9ee4166c95",
    "https://esm.sh/@apimatic/json-bigint@1.2.0/denonext/json-bigint.mjs": "4782d41351092e5aa31227eaf6c9e5adbeeb5d8629f4e76cb98a5e208df54ed2",
    "https://esm.sh/@apimatic/json-bigint@1.2.0?target=denonext": "a00a5b8c90557fda51a4fac547b512955f480a64e19f21421b4b485a43dc1d18",
    "https://esm.sh/@apimatic/schema@0.7.16/denonext/schema.mjs": "4bd70cb43e69cdc803486f57e86b948617f4b606347020f1b58491d12029b0f9",
    "https://esm.sh/@apimatic/schema@0.7.16?target=denonext": "07b58b50c072b066b718431120f24299556923d59728853202ab302de31b52a0",
    "https://esm.sh/asynckit@0.4.0/denonext/asynckit.mjs": "4ef3be6eb52c104699b90ca5524db55ec15bc76b361432f05c16b6106279ba72",
    "https://esm.sh/asynckit@0.4.0?target=denonext": "c6bd8832d6d16b648e22d124a16d33c3a7f7076e92be9444f2e4f6b27545708d",
    "https://esm.sh/axios@0.21.4/denonext/axios.mjs": "f07d16667944382bcb4656fa6c52fed0906056767430c1b788a591e0f6fc3890",
    "https://esm.sh/axios@0.21.4?target=denonext": "ab976c52efd2f998f5d48f79e1a9c955c584aab27d6aa63cc87e24e3eeadee20",
    "https://esm.sh/combined-stream@1.0.8/denonext/combined-stream.mjs": "364b91aa4c33e5f0b4075949d93a3407b21a8695031e7c2be29999d588f9ca2c",
    "https://esm.sh/combined-stream@1.0.8?target=denonext": "a0c89b8b29494e966774c7a708e33cc2df16a0bbe2279c841d088e169e7ab3c4",
    "https://esm.sh/debug@4.4.1/denonext/debug.mjs": "f4ead1d2ba56c04c08e42abe96388337ddb17a197c16a7d896442b4fcb4d643e",
    "https://esm.sh/debug@4.4.1?target=denonext": "3c77699e6583e2c743e63bc0571647b963f1c82282b970df992b59fa585d76eb",
    "https://esm.sh/delayed-stream@1.0.0/denonext/delayed-stream.mjs": "051a3501b7b3d3c593b78a2c7305093a8e363c518cd156f1a77117185e312abe",
    "https://esm.sh/delayed-stream@1.0.0?target=denonext": "d363b81e01f4c886114df14aa660c1a938bbb4be851ff12132260bed0db6126e",
    "https://esm.sh/detect-browser@5.3.0/denonext/detect-browser.mjs": "27c1637fcba5545b1ad6b79f77f96df7bcbbf61748badfc9e614a0f179aa21aa",
    "https://esm.sh/detect-browser@5.3.0?target=denonext": "80cf859838a8afe9c4cb1561e068b1c482ae67460833380fc2b6c5dd236879d6",
    "https://esm.sh/detect-node@2.1.0/denonext/detect-node.mjs": "38cf0b4ca7056c35b0eccba1dcc52b99bcc2fa26ea91355157730e25f4160984",
    "https://esm.sh/detect-node@2.1.0?target=denonext": "300de42d3148c10b9ca855a7be4fba75890c924a50a0ef5a9a9de399784b769d",
    "https://esm.sh/follow-redirects@1.15.9/denonext/follow-redirects.mjs": "90866d22d80eface74d3161906835600fbb1d5c9ded05dc72fd55b40960cfce7",
    "https://esm.sh/follow-redirects@1.15.9?target=denonext": "c8028ec9d980a1974362377614a4978d1556ba85a75bc32526e8917bede535d1",
    "https://esm.sh/form-data@3.0.3/denonext/form-data.mjs": "e8e72f5c02cd9c7ec3f4614f1ad9320981ad4ea0fc9729adcd737fea32436944",
    "https://esm.sh/form-data@3.0.3?target=denonext": "dc268346a9b6e311046d4658d28de0f49fc095bcbb88b394a54eedd11179dfc4",
    "https://esm.sh/json-ptr@3.1.1/denonext/json-ptr.mjs": "a85127b27a8bf0374349f01e49a325ad375ffa8013481bcc5498e665246a34d0",
    "https://esm.sh/json-ptr@3.1.1?target=denonext": "fd673f40a9e12d5f966d21252b11145bc921f9d229cd704134fd58838204654d",
    "https://esm.sh/lodash.defaultsdeep@4.6.1/denonext/lodash.defaultsdeep.mjs": "169111fb64d06ffce3b4fc5f2fcb3a2291b001658ebedaf3c39a1ac633ab199d",
    "https://esm.sh/lodash.defaultsdeep@4.6.1?target=denonext": "39f2113a4e81cac76e25cdf8fa94bcf998e60e0186cb5a470d32605ffca336ff",
    "https://esm.sh/lodash.flatmap@4.5.0/denonext/lodash.flatmap.mjs": "d659ec779c283c658408514d816f59507746f5fad58892b0ea798f73e7e497a2",
    "https://esm.sh/lodash.flatmap@4.5.0?target=denonext": "4dbc35c259ff449e98707d577335393c7d124666d8c0da7e880d0ad6d7604fd8",
    "https://esm.sh/mime-db@1.52.0/denonext/mime-db.mjs": "f93feb3d7150014b71bd0d06c5bd819db56a089b31b8b79a3b0466bb37ef005e",
    "https://esm.sh/mime-types@2.1.35/denonext/mime-types.mjs": "704bdb318816fe1360c90a196f7cb3ba6e25fe207707cc2df873f890ad2e5f44",
    "https://esm.sh/mime-types@2.1.35?target=denonext": "e4cc9a1aabecc1be22d194375ec3b99cc9d51700cc4629ab689975451c0a8ce5",
    "https://esm.sh/ms@2.1.3/denonext/ms.mjs": "9039464da1f4ae1c2042742d335c82556c048bbe49449b5d0cd5198193afa147",
    "https://esm.sh/ms@2.1.3?target=denonext": "36f5aa7503ff0ff44ce9e3155a60362d8d3ae5db8db048be5764a3a515b6a263",
    "https://esm.sh/square@35.0.0": "1e4100999a60e3bc629f7ae4985f7b4322a4499fc61fe9b0d92498d63d0991af",
    "https://esm.sh/square@35.0.0/denonext/square.mjs": "897844baf95bb612d7ca83d37b07adbbc93b2224a6c621f0343fb2ce9ce7521d",
    "https://esm.sh/supports-color@10.0.0/denonext/supports-color.mjs": "239cd39d0828e1a018dee102748da869b1b75c38fe6a9c0c8f0bd4ffbd3e1ea1",
    "https://esm.sh/supports-color@10.0.0?target=denonext": "4895255248e4ba0cbcce9437003dccf3658b1ac1d1e8eba5225fb8194c454ee1",
    "https://esm.sh/tiny-warning@1.0.3/denonext/tiny-warning.mjs": "1e8035d7adba45e43313e9d4ebc1486c13576be6d51ef3775b2764321a94b7f3",
    "https://esm.sh/tiny-warning@1.0.3?target=denonext": "bfcb8fd7017feca3782fcfc539ab2ab146acc15d2a2badee518be66c82d1ac50",
    "https://esm.sh/tslib@2.8.1/denonext/tslib.mjs": "ebce3cd5facb654623020337f867b426ba95f71596ba87acc9e6c6f4e55905ca",
    "https://esm.sh/tslib@2.8.1?target=denonext": "a89cbf082a0ad54e87ea85d75e6d5492b3e2ff0c5de9e3e478206a015b3f3992"
  },
  "workspace": {
    "packageJson": {
      "dependencies": [
        "npm:square@^42.3.0"
      ]
    }
  }
}
